
Microsoft Visual Studio Solution File, Format Version 12.00
# Visual Studio Version 16
VisualStudioVersion = 16.0.31729.503
MinimumVisualStudioVersion = 10.0.40219.1
Project("{FAE04EC0-301F-11D3-BF4B-00C04F79EFBC}") = "MyFirstApp", "MyFirstApp.csproj", "{0D81322C-18D4-4D3F-BCC5-C818E5E20D2C}"
EndProject
Global
	GlobalSection(SolutionConfigurationPlatforms) = preSolution
		Debug|Any CPU = Debug|Any CPU
		Release|Any CPU = Release|Any CPU
	EndGlobalSection
	GlobalSection(ProjectConfigurationPlatforms) = postSolution
		{0D81322C-18D4-4D3F-BCC5-C818E5E20D2C}.Debug|Any CPU.ActiveCfg = Debug|Any CPU
		{0D81322C-18D4-4D3F-BCC5-C818E5E20D2C}.Debug|Any CPU.Build.0 = Debug|Any CPU
		{0D81322C-18D4-4D3F-BCC5-C818E5E20D2C}.Release|Any CPU.ActiveCfg = Release|Any CPU
		{0D81322C-18D4-4D3F-BCC5-C818E5E20D2C}.Release|Any CPU.Build.0 = Release|Any CPU
	EndGlobalSection
	GlobalSection(SolutionProperties) = preSolution
		HideSolutionNode = FALSE
	EndGlobalSection
	GlobalSection(ExtensibilityGlobals) = postSolution
		SolutionGuid = {A276FA21-AAFA-41F6-8B0A-F8ECFC7687E7}
	EndGlobalSection
EndGlobal
